
Microsoft Visual Studio Solution File, Format Version 12.00
# Visual Studio Version 17
VisualStudioVersion = 17.10.35013.160
MinimumVisualStudioVersion = 10.0.40219.1
Project("{9A19103F-16F7-4668-BE54-9A1E7A4F7556}") = "MyEmployees", "MyEmployees\MyEmployees.csproj", "{74EA758B-8E6A-4786-9D52-735B21B6A3B2}"
EndProject
Global
	GlobalSection(SolutionConfigurationPlatforms) = preSolution
		Debug|Any CPU = Debug|Any CPU
		Release|Any CPU = Release|Any CPU
	EndGlobalSection
	GlobalSection(ProjectConfigurationPlatforms) = postSolution
		{74EA758B-8E6A-4786-9D52-735B21B6A3B2}.Debug|Any CPU.ActiveCfg = Debug|Any CPU
		{74EA758B-8E6A-4786-9D52-735B21B6A3B2}.Debug|Any CPU.Build.0 = Debug|Any CPU
		{74EA758B-8E6A-4786-9D52-735B21B6A3B2}.Release|Any CPU.ActiveCfg = Release|Any CPU
		{74EA758B-8E6A-4786-9D52-735B21B6A3B2}.Release|Any CPU.Build.0 = Release|Any CPU
	EndGlobalSection
	GlobalSection(SolutionProperties) = preSolution
		HideSolutionNode = FALSE
	EndGlobalSection
	GlobalSection(ExtensibilityGlobals) = postSolution
		SolutionGuid = {75567AE4-5BB1-4701-8950-2275C085B7F3}
	EndGlobalSection
EndGlobal
